
Microsoft Visual Studio Solution File, Format Version 12.00
# Visual Studio 16
Project("{FAE04EC0-301F-11D3-BF4B-00C04F79EFBC}") = "Assembly-CSharp", "Assembly-CSharp.csproj", "{057F8050-D3C9-94E9-102C-7800E385C263}"
EndProject
Project("{FAE04EC0-301F-11D3-BF4B-00C04F79EFBC}") = "MacBLAS", "MacBLAS.csproj", "{1A78DFDD-832F-A354-8059-3285AF2EA2C9}"
EndProject
Project("{FAE04EC0-301F-11D3-BF4B-00C04F79EFBC}") = "iOSBLAS", "iOSBLAS.csproj", "{8122A5F2-A208-147D-8B70-AC60DC239855}"
EndProject
Project("{FAE04EC0-301F-11D3-BF4B-00C04F79EFBC}") = "Assembly-CSharp-Editor", "Assembly-CSharp-Editor.csproj", "{0FBF61F3-7955-25F8-36B5-F8E008277BAC}"
EndProject
Global
	GlobalSection(SolutionConfigurationPlatforms) = preSolution
		Debug|Any CPU = Debug|Any CPU
		Release|Any CPU = Release|Any CPU
	EndGlobalSection
	GlobalSection(ProjectConfigurationPlatforms) = postSolution
		{057F8050-D3C9-94E9-102C-7800E385C263}.Debug|Any CPU.ActiveCfg = Debug|Any CPU
		{057F8050-D3C9-94E9-102C-7800E385C263}.Debug|Any CPU.Build.0 = Debug|Any CPU
		{057F8050-D3C9-94E9-102C-7800E385C263}.Release|Any CPU.ActiveCfg = Release|Any CPU
		{057F8050-D3C9-94E9-102C-7800E385C263}.Release|Any CPU.Build.0 = Release|Any CPU
		{1A78DFDD-832F-A354-8059-3285AF2EA2C9}.Debug|Any CPU.ActiveCfg = Debug|Any CPU
		{1A78DFDD-832F-A354-8059-3285AF2EA2C9}.Debug|Any CPU.Build.0 = Debug|Any CPU
		{1A78DFDD-832F-A354-8059-3285AF2EA2C9}.Release|Any CPU.ActiveCfg = Release|Any CPU
		{1A78DFDD-832F-A354-8059-3285AF2EA2C9}.Release|Any CPU.Build.0 = Release|Any CPU
		{8122A5F2-A208-147D-8B70-AC60DC239855}.Debug|Any CPU.ActiveCfg = Debug|Any CPU
		{8122A5F2-A208-147D-8B70-AC60DC239855}.Debug|Any CPU.Build.0 = Debug|Any CPU
		{8122A5F2-A208-147D-8B70-AC60DC239855}.Release|Any CPU.ActiveCfg = Release|Any CPU
		{8122A5F2-A208-147D-8B70-AC60DC239855}.Release|Any CPU.Build.0 = Release|Any CPU
		{0FBF61F3-7955-25F8-36B5-F8E008277BAC}.Debug|Any CPU.ActiveCfg = Debug|Any CPU
		{0FBF61F3-7955-25F8-36B5-F8E008277BAC}.Debug|Any CPU.Build.0 = Debug|Any CPU
		{0FBF61F3-7955-25F8-36B5-F8E008277BAC}.Release|Any CPU.ActiveCfg = Release|Any CPU
		{0FBF61F3-7955-25F8-36B5-F8E008277BAC}.Release|Any CPU.Build.0 = Release|Any CPU
	EndGlobalSection
	GlobalSection(SolutionProperties) = preSolution
		HideSolutionNode = FALSE
	EndGlobalSection
EndGlobal
